schema: '2.0'
stages:
  get_data:
    cmd: python src/stage01_load_and_save_data.py --config=configs/config.yaml
    deps:
    - path: configs/config.yaml
      md5: 020819763c450e8f133486bd389566e0
      size: 526
    - path: src/stage01_load_and_save_data.py
      md5: 07fb7d0df9f652085d73f7b61f5c8246
      size: 1832
    - path: src/utils/common_utils.py
      md5: e503af3cda8fda810ebf2bdf6d937cd0
      size: 1255
    outs:
    - path: data/data.csv
      md5: 74a101bfab83596cc34889c5c1ce421e
      size: 11893
  split_data:
    cmd: python src/stage02_split_data.py --config=configs/config.yaml
    deps:
    - path: configs/config.yaml
      md5: 020819763c450e8f133486bd389566e0
      size: 526
    - path: data/data.csv
      md5: 74a101bfab83596cc34889c5c1ce421e
      size: 11893
    - path: src/stage02_split_data.py
      md5: 0701c659d337722712aaa9883f33d4bc
      size: 2199
    - path: src/utils/common_utils.py
      md5: e503af3cda8fda810ebf2bdf6d937cd0
      size: 1255
    outs:
    - path: artifacts/processed_data/test.csv
      md5: 493c561b84f6f4948d36120db81f8d5c
      size: 2384
    - path: artifacts/processed_data/train.csv
      md5: e2a74e1c8c045403a98b938292efbdc3
      size: 9441
